Microsoft Visual Studio Solution File, Format Version 12.00
# Visual Studio Version 17
VisualStudioVersion = 17.5.2.0
MinimumVisualStudioVersion = 10.0.40219.1
Project("{FAE04EC0-301F-11D3-BF4B-00C04F79EFBC}") = "MeuBackend", "MeuBackend\MeuBackend.csproj", "{05344397-8C2A-11A2-7816-F4DAC896C036}"
EndProject
Global
	GlobalSection(SolutionConfigurationPlatforms) = preSolution
		Debug|Any CPU = Debug|Any CPU
		Release|Any CPU = Release|Any CPU
	EndGlobalSection
	GlobalSection(ProjectConfigurationPlatforms) = postSolution
		{05344397-8C2A-11A2-7816-F4DAC896C036}.Debug|Any CPU.ActiveCfg = Debug|Any CPU
		{05344397-8C2A-11A2-7816-F4DAC896C036}.Debug|Any CPU.Build.0 = Debug|Any CPU
		{05344397-8C2A-11A2-7816-F4DAC896C036}.Release|Any CPU.ActiveCfg = Release|Any CPU
		{05344397-8C2A-11A2-7816-F4DAC896C036}.Release|Any CPU.Build.0 = Release|Any CPU
	EndGlobalSection
	GlobalSection(SolutionProperties) = preSolution
		HideSolutionNode = FALSE
	EndGlobalSection
	GlobalSection(ExtensibilityGlobals) = postSolution
		SolutionGuid = {37C04C42-AA89-4F81-95F5-F8C8FF529FFC}
	EndGlobalSection
EndGlobal
